<?xml version="1.0" encoding="utf-8"?>
<Project ToolsVersion="4.0" xmlns="http://schemas.microsoft.com/developer/msbuild/2003">
  <ItemGroup>
    <Filter Include="源文件">
      <UniqueIdentifier>{4FC737F1-C7A5-4376-A066-2A32D752A2FF}</UniqueIdentifier>
      <Extensions>cpp;c;cc;cxx;def;odl;idl;hpj;bat;asm;asmx</Extensions>
    </Filter>
    <Filter Include="头文件">
      <UniqueIdentifier>{93995380-89BD-4b04-88EB-625FBE52EBFB}</UniqueIdentifier>
      <Extensions>h;hpp;hxx;hm;inl;inc;xsd</Extensions>
    </Filter>
    <Filter Include="资源文件">
      <UniqueIdentifier>{67DA6AB6-F800-4c08-8B7A-83BB121AAD01}</UniqueIdentifier>
      <Extensions>rc;ico;cur;bmp;dlg;rc2;rct;bin;rgs;gif;jpg;jpeg;jpe;resx;tiff;tif;png;wav;mfcribbon-ms</Extensions>
    </Filter>
    <Filter Include="源文件\ServiceLocator">
      <UniqueIdentifier>{230332b3-a6ad-43c5-9b08-3a03d95520ab}</UniqueIdentifier>
    </Filter>
  </ItemGroup>
  <ItemGroup>
    <Text Include="ReadMe.txt" />
  </ItemGroup>
  <ItemGroup>
    <ClInclude Include="stdafx.h">
      <Filter>头文件</Filter>
    </ClInclude>
    <ClInclude Include="targetver.h">
      <Filter>头文件</Filter>
    </ClInclude>
    <ClInclude Include="ServiceLocator\Audio.h">
      <Filter>源文件\ServiceLocator</Filter>
    </ClInclude>
    <ClInclude Include="ServiceLocator\ConsoleAudio.h">
      <Filter>源文件\ServiceLocator</Filter>
    </ClInclude>
    <ClInclude Include="ServiceLocator\Locator.h">
      <Filter>源文件\ServiceLocator</Filter>
    </ClInclude>
    <ClInclude Include="ServiceLocator\NullAudio.h">
      <Filter>源文件\ServiceLocator</Filter>
    </ClInclude>
    <ClInclude Include="ServiceLocator\LoggedWrappedAudio.h">
      <Filter>源文件\ServiceLocator</Filter>
    </ClInclude>
    <ClInclude Include="ServiceLocator\TestLocator.h">
      <Filter>源文件\ServiceLocator</Filter>
    </ClInclude>
  </ItemGroup>
  <ItemGroup>
    <ClCompile Include="stdafx.cpp">
      <Filter>源文件</Filter>
    </ClCompile>
    <ClCompile Include="StudyDemoInGit.cpp">
      <Filter>源文件</Filter>
    </ClCompile>
    <ClCompile Include="ServiceLocator\Audio.cpp">
      <Filter>源文件\ServiceLocator</Filter>
    </ClCompile>
    <ClCompile Include="audio.cpp">
      <Filter>源文件</Filter>
    </ClCompile>
    <ClCompile Include="ServiceLocator\ConsoleAudio.cpp">
      <Filter>源文件\ServiceLocator</Filter>
    </ClCompile>
    <ClCompile Include="ServiceLocator\Locator.cpp">
      <Filter>源文件\ServiceLocator</Filter>
    </ClCompile>
    <ClCompile Include="ServiceLocator\NullAudio.cpp">
      <Filter>源文件\ServiceLocator</Filter>
    </ClCompile>
    <ClCompile Include="ServiceLocator\LoggedWrappedAudio.cpp">
      <Filter>源文件\ServiceLocator</Filter>
    </ClCompile>
    <ClCompile Include="ServiceLocator\TestLocator.cpp">
      <Filter>源文件\ServiceLocator</Filter>
    </ClCompile>
  </ItemGroup>
</Project>