<?xml version="1.0" encoding="utf-8"?>
<Project ToolsVersion="4.0" xmlns="http://schemas.microsoft.com/developer/msbuild/2003">
  <ItemGroup>
    <Filter Include="源文件">
      <UniqueIdentifier>{4FC737F1-C7A5-4376-A066-2A32D752A2FF}</UniqueIdentifier>
      <Extensions>cpp;c;cc;cxx;def;odl;idl;hpj;bat;asm;asmx</Extensions>
    </Filter>
    <Filter Include="头文件">
      <UniqueIdentifier>{93995380-89BD-4b04-88EB-625FBE52EBFB}</UniqueIdentifier>
      <Extensions>h;hpp;hxx;hm;inl;inc;xsd</Extensions>
    </Filter>
    <Filter Include="资源文件">
      <UniqueIdentifier>{67DA6AB6-F800-4c08-8B7A-83BB121AAD01}</UniqueIdentifier>
      <Extensions>rc;ico;cur;bmp;dlg;rc2;rct;bin;rgs;gif;jpg;jpeg;jpe;resx;tiff;tif;png;wav;mfcribbon-ms</Extensions>
    </Filter>
    <Filter Include="源文件\ServiceLocator">
      <UniqueIdentifier>{230332b3-a6ad-43c5-9b08-3a03d95520ab}</UniqueIdentifier>
    </Filter>
    <Filter Include="源文件\EventQueue">
      <UniqueIdentifier>{356a7407-3aed-4266-8c49-88187a22902f}</UniqueIdentifier>
    </Filter>
    <Filter Include="源文件\Factory3Mode">
      <UniqueIdentifier>{4ef86f0e-f063-40a8-9de6-57e9357df62a}</UniqueIdentifier>
    </Filter>
    <Filter Include="源文件\CommandMode">
      <UniqueIdentifier>{312b104b-3bbf-4303-9175-ff6b7db54cfe}</UniqueIdentifier>
    </Filter>
    <Filter Include="源文件\ThreadPool">
      <UniqueIdentifier>{d8b92402-a74b-4820-aa62-9e30f0ab0c54}</UniqueIdentifier>
    </Filter>
    <Filter Include="源文件\SimpleAOP">
      <UniqueIdentifier>{662771ce-0392-4ee1-a5ed-9f67f96a393d}</UniqueIdentifier>
    </Filter>
    <Filter Include="源文件\gtestDemo">
      <UniqueIdentifier>{1a8934f8-b5df-4bb8-be40-a296e90ea710}</UniqueIdentifier>
    </Filter>
  </ItemGroup>
  <ItemGroup>
    <Text Include="ReadMe.txt" />
  </ItemGroup>
  <ItemGroup>
    <ClInclude Include="stdafx.h">
      <Filter>头文件</Filter>
    </ClInclude>
    <ClInclude Include="targetver.h">
      <Filter>头文件</Filter>
    </ClInclude>
    <ClInclude Include="ServiceLocator\Audio.h">
      <Filter>源文件\ServiceLocator</Filter>
    </ClInclude>
    <ClInclude Include="ServiceLocator\ConsoleAudio.h">
      <Filter>源文件\ServiceLocator</Filter>
    </ClInclude>
    <ClInclude Include="ServiceLocator\Locator.h">
      <Filter>源文件\ServiceLocator</Filter>
    </ClInclude>
    <ClInclude Include="ServiceLocator\NullAudio.h">
      <Filter>源文件\ServiceLocator</Filter>
    </ClInclude>
    <ClInclude Include="ServiceLocator\LoggedWrappedAudio.h">
      <Filter>源文件\ServiceLocator</Filter>
    </ClInclude>
    <ClInclude Include="ServiceLocator\TestLocator.h">
      <Filter>源文件\ServiceLocator</Filter>
    </ClInclude>
    <ClInclude Include="Factory3Mode\AbstractProductA.h">
      <Filter>源文件\Factory3Mode</Filter>
    </ClInclude>
    <ClInclude Include="Factory3Mode\ProductA_1.h">
      <Filter>源文件\Factory3Mode</Filter>
    </ClInclude>
    <ClInclude Include="Factory3Mode\ProductA_2.h">
      <Filter>源文件\Factory3Mode</Filter>
    </ClInclude>
    <ClInclude Include="Factory3Mode\AbstractFactory.h">
      <Filter>源文件\Factory3Mode</Filter>
    </ClInclude>
    <ClInclude Include="Factory3Mode\AbstractProductB.h">
      <Filter>源文件\Factory3Mode</Filter>
    </ClInclude>
    <ClInclude Include="Factory3Mode\Factory1.h">
      <Filter>源文件\Factory3Mode</Filter>
    </ClInclude>
    <ClInclude Include="Factory3Mode\Factory2.h">
      <Filter>源文件\Factory3Mode</Filter>
    </ClInclude>
    <ClInclude Include="Factory3Mode\FactoryA_1.h">
      <Filter>源文件\Factory3Mode</Filter>
    </ClInclude>
    <ClInclude Include="Factory3Mode\FactoryA_2.h">
      <Filter>源文件\Factory3Mode</Filter>
    </ClInclude>
    <ClInclude Include="Factory3Mode\ProductB_1.h">
      <Filter>源文件\Factory3Mode</Filter>
    </ClInclude>
    <ClInclude Include="Factory3Mode\SimpleFactory.h">
      <Filter>源文件\Factory3Mode</Filter>
    </ClInclude>
    <ClInclude Include="Factory3Mode\TestFactory.h">
      <Filter>源文件\Factory3Mode</Filter>
    </ClInclude>
    <ClInclude Include="Factory3Mode\ProductB_2.h">
      <Filter>源文件\Factory3Mode</Filter>
    </ClInclude>
    <ClInclude Include="CommandMode\Command_Chicken.h">
      <Filter>源文件\CommandMode</Filter>
    </ClInclude>
    <ClInclude Include="CommandMode\Command_Mutton.h">
      <Filter>源文件\CommandMode</Filter>
    </ClInclude>
    <ClInclude Include="CommandMode\ICommand.h">
      <Filter>源文件\CommandMode</Filter>
    </ClInclude>
    <ClInclude Include="CommandMode\Invoker.h">
      <Filter>源文件\CommandMode</Filter>
    </ClInclude>
    <ClInclude Include="CommandMode\IReceiver.h">
      <Filter>源文件\CommandMode</Filter>
    </ClInclude>
    <ClInclude Include="CommandMode\Receiver_1.h">
      <Filter>源文件\CommandMode</Filter>
    </ClInclude>
    <ClInclude Include="CommandMode\Receiver_2.h">
      <Filter>源文件\CommandMode</Filter>
    </ClInclude>
    <ClInclude Include="CommandMode\TestCommand.h">
      <Filter>源文件\CommandMode</Filter>
    </ClInclude>
    <ClInclude Include="ThreadPool\ThreadPool.h">
      <Filter>源文件\ThreadPool</Filter>
    </ClInclude>
    <ClInclude Include="SimpleAOP\TimeElapsedAspect.h">
      <Filter>源文件\SimpleAOP</Filter>
    </ClInclude>
    <ClInclude Include="SimpleAOP\LogAspect.h">
      <Filter>源文件\SimpleAOP</Filter>
    </ClInclude>
    <ClInclude Include="SimpleAOP\TestAspect.h">
      <Filter>源文件\SimpleAOP</Filter>
    </ClInclude>
    <ClInclude Include="SimpleAOP\Aspect.h">
      <Filter>源文件\SimpleAOP</Filter>
    </ClInclude>
    <ClInclude Include="testmutex.h">
      <Filter>头文件</Filter>
    </ClInclude>
    <ClInclude Include="testtimemutex.h">
      <Filter>头文件</Filter>
    </ClInclude>
    <ClInclude Include="testconditionvariable.h">
      <Filter>头文件</Filter>
    </ClInclude>
    <ClInclude Include="testcallonce.h">
      <Filter>头文件</Filter>
    </ClInclude>
    <ClInclude Include="testpackagetask.h">
      <Filter>头文件</Filter>
    </ClInclude>
    <ClInclude Include="testsharedfuture.h">
      <Filter>头文件</Filter>
    </ClInclude>
    <ClInclude Include="testargstemplate.h">
      <Filter>头文件</Filter>
    </ClInclude>
    <ClInclude Include="testargstemplateclass.h">
      <Filter>头文件</Filter>
    </ClInclude>
    <ClInclude Include="testdllhelp.h">
      <Filter>头文件</Filter>
    </ClInclude>
    <ClInclude Include="test_multi_curl.h">
      <Filter>头文件</Filter>
    </ClInclude>
  </ItemGroup>
  <ItemGroup>
    <ClCompile Include="stdafx.cpp">
      <Filter>源文件</Filter>
    </ClCompile>
    <ClCompile Include="StudyDemoInGit.cpp">
      <Filter>源文件</Filter>
    </ClCompile>
    <ClCompile Include="ServiceLocator\Audio.cpp">
      <Filter>源文件\ServiceLocator</Filter>
    </ClCompile>
    <ClCompile Include="audio.cpp">
      <Filter>源文件</Filter>
    </ClCompile>
    <ClCompile Include="ServiceLocator\ConsoleAudio.cpp">
      <Filter>源文件\ServiceLocator</Filter>
    </ClCompile>
    <ClCompile Include="ServiceLocator\Locator.cpp">
      <Filter>源文件\ServiceLocator</Filter>
    </ClCompile>
    <ClCompile Include="ServiceLocator\NullAudio.cpp">
      <Filter>源文件\ServiceLocator</Filter>
    </ClCompile>
    <ClCompile Include="ServiceLocator\LoggedWrappedAudio.cpp">
      <Filter>源文件\ServiceLocator</Filter>
    </ClCompile>
    <ClCompile Include="ServiceLocator\TestLocator.cpp">
      <Filter>源文件\ServiceLocator</Filter>
    </ClCompile>
    <ClCompile Include="Factory3Mode\AbstractProductA.cpp">
      <Filter>源文件\Factory3Mode</Filter>
    </ClCompile>
    <ClCompile Include="Factory3Mode\ProductA_1.cpp">
      <Filter>源文件\Factory3Mode</Filter>
    </ClCompile>
    <ClCompile Include="Factory3Mode\ProductA_2.cpp">
      <Filter>源文件\Factory3Mode</Filter>
    </ClCompile>
    <ClCompile Include="Factory3Mode\AbstractFactory.cpp">
      <Filter>源文件\Factory3Mode</Filter>
    </ClCompile>
    <ClCompile Include="Factory3Mode\AbstractProductB.cpp">
      <Filter>源文件\Factory3Mode</Filter>
    </ClCompile>
    <ClCompile Include="Factory3Mode\Factory1.cpp">
      <Filter>源文件\Factory3Mode</Filter>
    </ClCompile>
    <ClCompile Include="Factory3Mode\Factory2.cpp">
      <Filter>源文件\Factory3Mode</Filter>
    </ClCompile>
    <ClCompile Include="Factory3Mode\FactoryA_1.cpp">
      <Filter>源文件\Factory3Mode</Filter>
    </ClCompile>
    <ClCompile Include="Factory3Mode\FactoryA_2.cpp">
      <Filter>源文件\Factory3Mode</Filter>
    </ClCompile>
    <ClCompile Include="Factory3Mode\ProductB_1.cpp">
      <Filter>源文件\Factory3Mode</Filter>
    </ClCompile>
    <ClCompile Include="Factory3Mode\SimpleFactory.cpp">
      <Filter>源文件\Factory3Mode</Filter>
    </ClCompile>
    <ClCompile Include="Factory3Mode\TestFactory.cpp">
      <Filter>源文件\Factory3Mode</Filter>
    </ClCompile>
    <ClCompile Include="Factory3Mode\ProductB_2.cpp">
      <Filter>源文件\Factory3Mode</Filter>
    </ClCompile>
    <ClCompile Include="CommandMode\Command_Chicken.cpp">
      <Filter>源文件\CommandMode</Filter>
    </ClCompile>
    <ClCompile Include="CommandMode\Command_Mutton.cpp">
      <Filter>源文件\CommandMode</Filter>
    </ClCompile>
    <ClCompile Include="CommandMode\ICommand.cpp">
      <Filter>源文件\CommandMode</Filter>
    </ClCompile>
    <ClCompile Include="CommandMode\Invoker.cpp">
      <Filter>源文件\CommandMode</Filter>
    </ClCompile>
    <ClCompile Include="CommandMode\IReceiver.cpp">
      <Filter>源文件\CommandMode</Filter>
    </ClCompile>
    <ClCompile Include="CommandMode\Receiver_1.cpp">
      <Filter>源文件\CommandMode</Filter>
    </ClCompile>
    <ClCompile Include="CommandMode\Receiver_2.cpp">
      <Filter>源文件\CommandMode</Filter>
    </ClCompile>
    <ClCompile Include="CommandMode\TestCommand.cpp">
      <Filter>源文件\CommandMode</Filter>
    </ClCompile>
    <ClCompile Include="ThreadPool\ThreadPool.cpp">
      <Filter>源文件\ThreadPool</Filter>
    </ClCompile>
    <ClCompile Include="ThreadPool\TestThreadPool.h">
      <Filter>源文件\ThreadPool</Filter>
    </ClCompile>
    <ClCompile Include="ThreadPool\TestThreadPool.cpp">
      <Filter>源文件\ThreadPool</Filter>
    </ClCompile>
    <ClCompile Include="SimpleAOP\TimeElapsedAspect.cpp">
      <Filter>源文件\SimpleAOP</Filter>
    </ClCompile>
    <ClCompile Include="SimpleAOP\LogAspect.cpp">
      <Filter>源文件\SimpleAOP</Filter>
    </ClCompile>
    <ClCompile Include="gtestDemo\add.cpp">
      <Filter>源文件\gtestDemo</Filter>
    </ClCompile>
    <ClCompile Include="gtestDemo\testCase.cpp">
      <Filter>源文件\gtestDemo</Filter>
    </ClCompile>
    <ClCompile Include="testmutex.cpp">
      <Filter>源文件</Filter>
    </ClCompile>
    <ClCompile Include="testtimemutex.cpp">
      <Filter>源文件</Filter>
    </ClCompile>
    <ClCompile Include="testconditionvariable.cpp">
      <Filter>源文件</Filter>
    </ClCompile>
    <ClCompile Include="testcallonce.cpp">
      <Filter>源文件</Filter>
    </ClCompile>
    <ClCompile Include="testpackagetask.cpp">
      <Filter>源文件</Filter>
    </ClCompile>
    <ClCompile Include="testsharedfuture.cpp">
      <Filter>源文件</Filter>
    </ClCompile>
    <ClCompile Include="testargstemplate.cpp">
      <Filter>源文件</Filter>
    </ClCompile>
    <ClCompile Include="testargstemplateclass.cpp">
      <Filter>源文件</Filter>
    </ClCompile>
    <ClCompile Include="testdllhelp.cpp">
      <Filter>源文件</Filter>
    </ClCompile>
    <ClCompile Include="test_multi_curl.cpp">
      <Filter>源文件</Filter>
    </ClCompile>
  </ItemGroup>
</Project>